{
  "name": "fit log",
  "lockfileVersion": 3,
  "requires": true,
  "packages": {
    "": {
      "dependencies": {
        "daisyui": "^5.7.46"
      }
    },
    "node_modules/daisyui": {
      "version": "5.7.46",
      "resolved": "https://registry.npmjs.org/daisyui/-/daisyui-5.7.46.tgz",
      "integrity": "sha512-z/tfVXLpLRe1ojGeokzxauHA9Ij5CGfk+83EdatQbFSVr02h5mUcp4nkgQJOw68wH1wAAPu/SY+MWbDdJG2R4w==",
      "license": "MIT",
      "funding": {
        "url": "https://github.com/saadeghi/daisyui?sponsor=1"
      }
    }
  }
}
